dependencies:
- name: elasticsearch
  repository: https://charts.bitnami.com/bitnami
  version: 18.0.1
- name: postgresql
  repository: https://charts.bitnami.com/bitnami
  version: 11.1.28
digest: sha256:4e6b4dc06f738e9b22fb888f1c75ddbc87b82f4588575d1f305a304a4dfa6c88
generated: "2022-05-10T14:13:38.655006+02:00"
