dependencies:
- name: elasticsearch
  repository: https://charts.bitnami.com/bitnami
  version: 18.0.1
- name: postgresql
  repository: https://charts.bitnami.com/bitnami
  version: 11.1.28
digest: sha256:ae27afe68a5150e4271269b64165e007e83e1728318e4c43d4b325f7a2cf7ec2
generated: "2022-05-10T09:02:31.933281+02:00"
